{
  "version": 4,
  "terraform_version": "1.10.0",
  "serial": 6,
  "lineage": "e37c2c61-96c6-c923-fe40-9f7618c05d95",
  "outputs": {
    "dynamodb_campaigns_table": {
      "value": "ads-qrcode-promotions-qe-ft-campaign",
      "type": "string"
    },
    "dynamodb_promocodes_table": {
      "value": "ads-qrcode-promotions-qe-ft-promocode",
      "type": "string"
    },
    "lambda_function_name": {
      "value": "promocode-handler",
      "type": "string"
    },
    "s3_bucket_name": {
      "value": "ads-qrcode-promotions-qe-ft-tek2",
      "type": "string"
    }
  },
  "resources": [
    {
      "mode": "data",
      "type": "aws_dynamodb_table",
      "name": "campaigns",
      "provider": "provider[\"registry.terraform.io/hashicorp/aws\"]",
      "instances": [
        {
          "schema_version": 0,
          "attributes": {
            "arn": "arn:aws:dynamodb:us-east-1:846866821192:table/ads-qrcode-promotions-qe-ft-campaign",
            "attribute": [
              {
                "name": "campaignId",
                "type": "S"
              }
            ],
            "billing_mode": "PAY_PER_REQUEST",
            "deletion_protection_enabled": false,
            "global_secondary_index": [],
            "hash_key": "campaignId",
            "id": "ads-qrcode-promotions-qe-ft-campaign",
            "local_secondary_index": [],
            "name": "ads-qrcode-promotions-qe-ft-campaign",
            "point_in_time_recovery": [
              {
                "enabled": false
              }
            ],
            "range_key": null,
            "read_capacity": 0,
            "replica": [],
            "server_side_encryption": [],
            "stream_arn": "",
            "stream_enabled": false,
            "stream_label": "",
            "stream_view_type": "",
            "table_class": "STANDARD",
            "tags": {
              "TivoEnv": "Dev",
              "TivoOwner": "yellowstone@xperi.com",
              "TivoService": "APS",
              "TivoTTL": "AlwaysOn"
            },
            "ttl": [
              {
                "attribute_name": "",
                "enabled": false
              }
            ],
            "write_capacity": 0
          },
          "sensitive_attributes": []
        }
      ]
    },
    {
      "mode": "data",
      "type": "aws_dynamodb_table",
      "name": "promocodes",
      "provider": "provider[\"registry.terraform.io/hashicorp/aws\"]",
      "instances": [
        {
          "schema_version": 0,
          "attributes": {
            "arn": "arn:aws:dynamodb:us-east-1:846866821192:table/ads-qrcode-promotions-qe-ft-promocode",
            "attribute": [
              {
                "name": "campaignId",
                "type": "S"
              },
              {
                "name": "deviceId",
                "type": "S"
              },
              {
                "name": "promocode",
                "type": "S"
              }
            ],
            "billing_mode": "PAY_PER_REQUEST",
            "deletion_protection_enabled": false,
            "global_secondary_index": [
              {
                "hash_key": "deviceId",
                "name": "indexDeviceId",
                "non_key_attributes": [
                  "promocode"
                ],
                "projection_type": "INCLUDE",
                "range_key": "",
                "read_capacity": 0,
                "write_capacity": 0
              }
            ],
            "hash_key": "campaignId",
            "id": "ads-qrcode-promotions-qe-ft-promocode",
            "local_secondary_index": [],
            "name": "ads-qrcode-promotions-qe-ft-promocode",
            "point_in_time_recovery": [
              {
                "enabled": false
              }
            ],
            "range_key": "promocode",
            "read_capacity": 0,
            "replica": [],
            "server_side_encryption": [],
            "stream_arn": "",
            "stream_enabled": false,
            "stream_label": "",
            "stream_view_type": "",
            "table_class": "STANDARD",
            "tags": {
              "TivoEnv": "Dev",
              "TivoOwner": "yellowstone@xperi.com",
              "TivoService": "APS",
              "TivoTTL": "AlwaysOn"
            },
            "ttl": [
              {
                "attribute_name": "",
                "enabled": false
              }
            ],
            "write_capacity": 0
          },
          "sensitive_attributes": []
        }
      ]
    },
    {
      "mode": "data",
      "type": "aws_s3_bucket",
      "name": "promocode_bucket",
      "provider": "provider[\"registry.terraform.io/hashicorp/aws\"]",
      "instances": [
        {
          "schema_version": 0,
          "attributes": {
            "arn": "arn:aws:s3:::ads-qrcode-promotions-qe-ft-tek2",
            "bucket": "ads-qrcode-promotions-qe-ft-tek2",
            "bucket_domain_name": "ads-qrcode-promotions-qe-ft-tek2.s3.amazonaws.com",
            "bucket_regional_domain_name": "ads-qrcode-promotions-qe-ft-tek2.s3.us-east-1.amazonaws.com",
            "hosted_zone_id": "Z3AQBSTGFYJSTF",
            "id": "ads-qrcode-promotions-qe-ft-tek2",
            "region": "us-east-1",
            "website_domain": null,
            "website_endpoint": null
          },
          "sensitive_attributes": []
        }
      ]
    },
    {
      "mode": "managed",
      "type": "aws_iam_role",
      "name": "lambda_role",
      "provider": "provider[\"registry.terraform.io/hashicorp/aws\"]",
      "instances": [
        {
          "schema_version": 0,
          "attributes": {
            "arn": "arn:aws:iam::846866821192:role/promocode_lambda_role",
            "assume_role_policy": "{\"Statement\":[{\"Action\":\"sts:AssumeRole\",\"Effect\":\"Allow\",\"Principal\":{\"Service\":\"lambda.amazonaws.com\"}}],\"Version\":\"2012-10-17\"}",
            "create_date": "2024-12-10T17:10:35Z",
            "description": "",
            "force_detach_policies": false,
            "id": "promocode_lambda_role",
            "inline_policy": [
              {
                "name": "promocode_lambda_policy",
                "policy": "{\"Version\":\"2012-10-17\",\"Statement\":[{\"Action\":[\"s3:GetObject\",\"s3:ListBucket\"],\"Effect\":\"Allow\",\"Resource\":[\"arn:aws:s3:::ads-qrcode-promotions-qe-ft-tek2\",\"arn:aws:s3:::ads-qrcode-promotions-qe-ft-tek2/*\"]},{\"Action\":[\"dynamodb:PutItem\",\"dynamodb:GetItem\",\"dynamodb:UpdateItem\",\"dynamodb:Query\"],\"Effect\":\"Allow\",\"Resource\":[\"arn:aws:dynamodb:us-east-1:846866821192:table/ads-qrcode-promotions-qe-ft-promocode\",\"arn:aws:dynamodb:us-east-1:846866821192:table/ads-qrcode-promotions-qe-ft-campaign\"]},{\"Action\":[\"logs:CreateLogGroup\",\"logs:CreateLogStream\",\"logs:PutLogEvents\"],\"Effect\":\"Allow\",\"Resource\":[\"arn:aws:logs:*:*:*\"]}]}"
              }
            ],
            "managed_policy_arns": [],
            "max_session_duration": 3600,
            "name": "promocode_lambda_role",
            "name_prefix": "",
            "path": "/",
            "permissions_boundary": "",
            "tags": {},
            "tags_all": {},
            "unique_id": "AROA4KLJSGBEKON2N6YC4"
          },
          "sensitive_attributes": [],
          "private": "bnVsbA=="
        }
      ]
    },
    {
      "mode": "managed",
      "type": "aws_iam_role_policy",
      "name": "lambda_policy",
      "provider": "provider[\"registry.terraform.io/hashicorp/aws\"]",
      "instances": [
        {
          "schema_version": 0,
          "attributes": {
            "id": "promocode_lambda_role:promocode_lambda_policy",
            "name": "promocode_lambda_policy",
            "name_prefix": "",
            "policy": "{\"Version\":\"2012-10-17\",\"Statement\":[{\"Action\":[\"s3:GetObject\",\"s3:ListBucket\"],\"Effect\":\"Allow\",\"Resource\":[\"arn:aws:s3:::ads-qrcode-promotions-qe-ft-tek2\",\"arn:aws:s3:::ads-qrcode-promotions-qe-ft-tek2/*\"]},{\"Action\":[\"dynamodb:PutItem\",\"dynamodb:GetItem\",\"dynamodb:UpdateItem\",\"dynamodb:Query\"],\"Effect\":\"Allow\",\"Resource\":[\"arn:aws:dynamodb:us-east-1:846866821192:table/ads-qrcode-promotions-qe-ft-promocode\",\"arn:aws:dynamodb:us-east-1:846866821192:table/ads-qrcode-promotions-qe-ft-campaign\"]},{\"Action\":[\"logs:CreateLogGroup\",\"logs:CreateLogStream\",\"logs:PutLogEvents\"],\"Effect\":\"Allow\",\"Resource\":[\"arn:aws:logs:*:*:*\"]}]}",
            "role": "promocode_lambda_role"
          },
          "sensitive_attributes": [],
          "private": "bnVsbA==",
          "dependencies": [
            "aws_iam_role.lambda_role",
            "data.aws_dynamodb_table.campaigns",
            "data.aws_dynamodb_table.promocodes",
            "data.aws_s3_bucket.promocode_bucket"
          ]
        }
      ]
    }
  ],
  "check_results": null
}
